
Microsoft Visual Studio Solution File, Format Version 12.00
# Visual Studio 15
VisualStudioVersion = 15.0.27130.2027
MinimumVisualStudioVersion = 10.0.40219.1
Project("{8BC9CEB8-8B4A-11D0-8D11-00A0C91BC942}") = "testOpenGl", "testOpenGl\testOpenGl.vcxproj", "{C81D94ED-789C-473A-99B3-DA152CE7A95A}"
EndProject
Global
	GlobalSection(SolutionConfigurationPlatforms) = preSolution
		Debug|x64 = Debug|x64
		Debug|x86 = Debug|x86
		Release|x64 = Release|x64
		Release|x86 = Release|x86
	EndGlobalSection
	GlobalSection(ProjectConfigurationPlatforms) = postSolution
		{C81D94ED-789C-473A-99B3-DA152CE7A95A}.Debug|x64.ActiveCfg = Debug|x64
		{C81D94ED-789C-473A-99B3-DA152CE7A95A}.Debug|x64.Build.0 = Debug|x64
		{C81D94ED-789C-473A-99B3-DA152CE7A95A}.Debug|x86.ActiveCfg = Debug|Win32
		{C81D94ED-789C-473A-99B3-DA152CE7A95A}.Debug|x86.Build.0 = Debug|Win32
		{C81D94ED-789C-473A-99B3-DA152CE7A95A}.Release|x64.ActiveCfg = Release|x64
		{C81D94ED-789C-473A-99B3-DA152CE7A95A}.Release|x64.Build.0 = Release|x64
		{C81D94ED-789C-473A-99B3-DA152CE7A95A}.Release|x86.ActiveCfg = Release|Win32
		{C81D94ED-789C-473A-99B3-DA152CE7A95A}.Release|x86.Build.0 = Release|Win32
	EndGlobalSection
	GlobalSection(SolutionProperties) = preSolution
		HideSolutionNode = FALSE
	EndGlobalSection
	GlobalSection(ExtensibilityGlobals) = postSolution
		SolutionGuid = {D2651D42-3DEF-4AD5-9DA0-AEBB1C5A9FB8}
	EndGlobalSection
EndGlobal
